
Microsoft Visual Studio Solution File, Format Version 12.00
# Visual Studio Version 16
VisualStudioVersion = 16.0.33423.256
MinimumVisualStudioVersion = 10.0.40219.1
Project("{FAE04EC0-301F-11D3-BF4B-00C04F79EFBC}") = "WpfApp1", "WpfApp1\WpfApp1.csproj", "{2533CE82-0467-4FEF-A9F9-EC814C34D8CF}"
EndProject
Global
	GlobalSection(SolutionConfigurationPlatforms) = preSolution
		Debug|Any CPU = Debug|Any CPU
		Release|Any CPU = Release|Any CPU
	EndGlobalSection
	GlobalSection(ProjectConfigurationPlatforms) = postSolution
		{2533CE82-0467-4FEF-A9F9-EC814C34D8CF}.Debug|Any CPU.ActiveCfg = Debug|Any CPU
		{2533CE82-0467-4FEF-A9F9-EC814C34D8CF}.Debug|Any CPU.Build.0 = Debug|Any CPU
		{2533CE82-0467-4FEF-A9F9-EC814C34D8CF}.Release|Any CPU.ActiveCfg = Release|Any CPU
		{2533CE82-0467-4FEF-A9F9-EC814C34D8CF}.Release|Any CPU.Build.0 = Release|Any CPU
	EndGlobalSection
	GlobalSection(SolutionProperties) = preSolution
		HideSolutionNode = FALSE
	EndGlobalSection
	GlobalSection(ExtensibilityGlobals) = postSolution
		SolutionGuid = {AD20D3CE-4C34-4B56-8EA8-57CE3E329BA3}
	EndGlobalSection
EndGlobal
